// !$*UTF8*$!
{
	archiveVersion = 1;
	classes = {
	};
	objectVersion = 55;
	objects = {

/* Begin PBXBuildFile section */
		6397A5B628DAF4CA00104284 /* UrlRequestService.swift in Sources */ = {isa = PBXBuildFile; fileRef = 6397A5B528DAF4CA00104284 /* UrlRequestService.swift */; };
		6397A5BA28DAF53C00104284 /* WeatherModel.swift in Sources */ = {isa = PBXBuildFile; fileRef = 6397A5B928DAF53C00104284 /* WeatherModel.swift */; };
		6397A5BD28DAF66800104284 /* UrlRequest.swift in Sources */ = {isa = PBXBuildFile; fileRef = 6397A5BC28DAF66800104284 /* UrlRequest.swift */; };
		63BBF2D828CEC3A2003C0E8E /* AppDelegate.swift in Sources */ = {isa = PBXBuildFile; fileRef = 63BBF2D728CEC3A2003C0E8E /* AppDelegate.swift */; };
		63BBF2DA28CEC3A2003C0E8E /* SceneDelegate.swift in Sources */ = {isa = PBXBuildFile; fileRef = 63BBF2D928CEC3A2003C0E8E /* SceneDelegate.swift */; };
		63BBF2DC28CEC3A2003C0E8E /* LoginViewController.swift in Sources */ = {isa = PBXBuildFile; fileRef = 63BBF2DB28CEC3A2003C0E8E /* LoginViewController.swift */; };
		63BBF2DF28CEC3A2003C0E8E /* Main.storyboard in Resources */ = {isa = PBXBuildFile; fileRef = 63BBF2DD28CEC3A2003C0E8E /* Main.storyboard */; };
		63BBF2E128CEC3A6003C0E8E /* Assets.xcassets in Resources */ = {isa = PBXBuildFile; fileRef = 63BBF2E028CEC3A6003C0E8E /* Assets.xcassets */; };
		63BBF2E428CEC3A6003C0E8E /* LaunchScreen.storyboard in Resources */ = {isa = PBXBuildFile; fileRef = 63BBF2E228CEC3A6003C0E8E /* LaunchScreen.storyboard */; };
		63BBF2EF28CEC3A6003C0E8E /* rxSwiftPracticeTests.swift in Sources */ = {isa = PBXBuildFile; fileRef = 63BBF2EE28CEC3A6003C0E8E /* rxSwiftPracticeTests.swift */; };
		63BBF2F928CEC3A6003C0E8E /* rxSwiftPracticeUITests.swift in Sources */ = {isa = PBXBuildFile; fileRef = 63BBF2F828CEC3A6003C0E8E /* rxSwiftPracticeUITests.swift */; };
		63BBF2FB28CEC3A6003C0E8E /* rxSwiftPracticeUITestsLaunchTests.swift in Sources */ = {isa = PBXBuildFile; fileRef = 63BBF2FA28CEC3A6003C0E8E /* rxSwiftPracticeUITestsLaunchTests.swift */; };
		63BBF31628CF0F9F003C0E8E /* RxCocoa in Frameworks */ = {isa = PBXBuildFile; productRef = 63BBF31528CF0F9F003C0E8E /* RxCocoa */; };
		63BBF31828CF0F9F003C0E8E /* RxRelay in Frameworks */ = {isa = PBXBuildFile; productRef = 63BBF31728CF0F9F003C0E8E /* RxRelay */; };
		63BBF31A28CF0F9F003C0E8E /* RxSwift in Frameworks */ = {isa = PBXBuildFile; productRef = 63BBF31928CF0F9F003C0E8E /* RxSwift */; };
		63BBF32028D063B4003C0E8E /* KeyChainService.swift in Sources */ = {isa = PBXBuildFile; fileRef = 63BBF31F28D063B4003C0E8E /* KeyChainService.swift */; };
		63BBF32228D06537003C0E8E /* SecondViewController.swift in Sources */ = {isa = PBXBuildFile; fileRef = 63BBF32128D06537003C0E8E /* SecondViewController.swift */; };
		63E9E6CA28DC59D200A3DE9E /* SecondController.swift in Sources */ = {isa = PBXBuildFile; fileRef = 63E9E6C928DC59D200A3DE9E /* SecondController.swift */; };
/* End PBXBuildFile section */

/* Begin PBXContainerItemProxy section */
		63BBF2EB28CEC3A6003C0E8E /* PBXContainerItemProxy */ = {
			isa = PBXContainerItemProxy;
			containerPortal = 63BBF2CC28CEC3A2003C0E8E /* Project object */;
			proxyType = 1;
			remoteGlobalIDString = 63BBF2D328CEC3A2003C0E8E;
			remoteInfo = rxSwiftPractice;
		};
		63BBF2F528CEC3A6003C0E8E /* PBXContainerItemProxy */ = {
			isa = PBXContainerItemProxy;
			containerPortal = 63BBF2CC28CEC3A2003C0E8E /* Project object */;
			proxyType = 1;
			remoteGlobalIDString = 63BBF2D328CEC3A2003C0E8E;
			remoteInfo = rxSwiftPractice;
		};
/* End PBXContainerItemProxy section */

/* Begin PBXFileReference section */
		6397A5B528DAF4CA00104284 /* UrlRequestService.swift */ = {isa = PBXFileReference; lastKnownFileType = sourcecode.swift; path = UrlRequestService.swift; sourceTree = "<group>"; };
		6397A5B928DAF53C00104284 /* WeatherModel.swift */ = {isa = PBXFileReference; lastKnownFileType = sourcecode.swift; path = WeatherModel.swift; sourceTree = "<group>"; };
		6397A5BC28DAF66800104284 /* UrlRequest.swift */ = {isa = PBXFileReference; lastKnownFileType = sourcecode.swift; path = UrlRequest.swift; sourceTree = "<group>"; };
		63BBF2D428CEC3A2003C0E8E /* rxSwiftPractice.app */ = {isa = PBXFileReference; explicitFileType = wrapper.application; includeInIndex = 0; path = rxSwiftPractice.app; sourceTree = BUILT_PRODUCTS_DIR; };
		63BBF2D728CEC3A2003C0E8E /* AppDelegate.swift */ = {isa = PBXFileReference; lastKnownFileType = sourcecode.swift; path = AppDelegate.swift; sourceTree = "<group>"; };
		63BBF2D928CEC3A2003C0E8E /* SceneDelegate.swift */ = {isa = PBXFileReference; lastKnownFileType = sourcecode.swift; path = SceneDelegate.swift; sourceTree = "<group>"; };
		63BBF2DB28CEC3A2003C0E8E /* LoginViewController.swift */ = {isa = PBXFileReference; lastKnownFileType = sourcecode.swift; path = LoginViewController.swift; sourceTree = "<group>"; };
		63BBF2DE28CEC3A2003C0E8E /* Base */ = {isa = PBXFileReference; lastKnownFileType = file.storyboard; name = Base; path = Base.lproj/Main.storyboard; sourceTree = "<group>"; };
		63BBF2E028CEC3A6003C0E8E /* Assets.xcassets */ = {isa = PBXFileReference; lastKnownFileType = folder.assetcatalog; path = Assets.xcassets; sourceTree = "<group>"; };
		63BBF2E328CEC3A6003C0E8E /* Base */ = {isa = PBXFileReference; lastKnownFileType = file.storyboard; name = Base; path = Base.lproj/LaunchScreen.storyboard; sourceTree = "<group>"; };
		63BBF2E528CEC3A6003C0E8E /* Info.plist */ = {isa = PBXFileReference; lastKnownFileType = text.plist.xml; path = Info.plist; sourceTree = "<group>"; };
		63BBF2EA28CEC3A6003C0E8E /* rxSwiftPracticeTests.xctest */ = {isa = PBXFileReference; explicitFileType = wrapper.cfbundle; includeInIndex = 0; path = rxSwiftPracticeTests.xctest; sourceTree = BUILT_PRODUCTS_DIR; };
		63BBF2EE28CEC3A6003C0E8E /* rxSwiftPracticeTests.swift */ = {isa = PBXFileReference; lastKnownFileType = sourcecode.swift; path = rxSwiftPracticeTests.swift; sourceTree = "<group>"; };
		63BBF2F428CEC3A6003C0E8E /* rxSwiftPracticeUITests.xctest */ = {isa = PBXFileReference; explicitFileType = wrapper.cfbundle; includeInIndex = 0; path = rxSwiftPracticeUITests.xctest; sourceTree = BUILT_PRODUCTS_DIR; };
		63BBF2F828CEC3A6003C0E8E /* rxSwiftPracticeUITests.swift */ = {isa = PBXFileReference; lastKnownFileType = sourcecode.swift; path = rxSwiftPracticeUITests.swift; sourceTree = "<group>"; };
		63BBF2FA28CEC3A6003C0E8E /* rxSwiftPracticeUITestsLaunchTests.swift */ = {isa = PBXFileReference; lastKnownFileType = sourcecode.swift; path = rxSwiftPracticeUITestsLaunchTests.swift; sourceTree = "<group>"; };
		63BBF31F28D063B4003C0E8E /* KeyChainService.swift */ = {isa = PBXFileReference; lastKnownFileType = sourcecode.swift; path = KeyChainService.swift; sourceTree = "<group>"; };
		63BBF32128D06537003C0E8E /* SecondViewController.swift */ = {isa = PBXFileReference; lastKnownFileType = sourcecode.swift; path = SecondViewController.swift; sourceTree = "<group>"; };
		63E9E6C928DC59D200A3DE9E /* SecondController.swift */ = {isa = PBXFileReference; lastKnownFileType = sourcecode.swift; path = SecondController.swift; sourceTree = "<group>"; };
/* End PBXFileReference section */

/* Begin PBXFrameworksBuildPhase section */
		63BBF2D128CEC3A2003C0E8E /* Frameworks */ = {
			isa = PBXFrameworksBuildPhase;
			buildActionMask = 2147483647;
			files = (
				63BBF31828CF0F9F003C0E8E /* RxRelay in Frameworks */,
				63BBF31628CF0F9F003C0E8E /* RxCocoa in Frameworks */,
				63BBF31A28CF0F9F003C0E8E /* RxSwift in Frameworks */,
			);
			runOnlyForDeploymentPostprocessing = 0;
		};
		63BBF2E728CEC3A6003C0E8E /* Frameworks */ = {
			isa = PBXFrameworksBuildPhase;
			buildActionMask = 2147483647;
			files = (
			);
			runOnlyForDeploymentPostprocessing = 0;
		};
		63BBF2F128CEC3A6003C0E8E /* Frameworks */ = {
			isa = PBXFrameworksBuildPhase;
			buildActionMask = 2147483647;
			files = (
			);
			runOnlyForDeploymentPostprocessing = 0;
		};
/* End PBXFrameworksBuildPhase section */

/* Begin PBXGroup section */
		6397A5B728DAF50D00104284 /* Model */ = {
			isa = PBXGroup;
			children = (
				6397A5B828DAF52300104284 /* UrlRequest */,
			);
			path = Model;
			sourceTree = "<group>";
		};
		6397A5B828DAF52300104284 /* UrlRequest */ = {
			isa = PBXGroup;
			children = (
				6397A5B928DAF53C00104284 /* WeatherModel.swift */,
			);
			path = UrlRequest;
			sourceTree = "<group>";
		};
		6397A5BB28DAF63800104284 /* Static */ = {
			isa = PBXGroup;
			children = (
				6397A5BC28DAF66800104284 /* UrlRequest.swift */,
			);
			path = Static;
			sourceTree = "<group>";
		};
		63BBF2CB28CEC3A2003C0E8E = {
			isa = PBXGroup;
			children = (
				63BBF2D628CEC3A2003C0E8E /* rxSwiftPractice */,
				63BBF2ED28CEC3A6003C0E8E /* rxSwiftPracticeTests */,
				63BBF2F728CEC3A6003C0E8E /* rxSwiftPracticeUITests */,
				63BBF2D528CEC3A2003C0E8E /* Products */,
				63BBF31228CF0F9F003C0E8E /* Frameworks */,
			);
			sourceTree = "<group>";
		};
		63BBF2D528CEC3A2003C0E8E /* Products */ = {
			isa = PBXGroup;
			children = (
				63BBF2D428CEC3A2003C0E8E /* rxSwiftPractice.app */,
				63BBF2EA28CEC3A6003C0E8E /* rxSwiftPracticeTests.xctest */,
				63BBF2F428CEC3A6003C0E8E /* rxSwiftPracticeUITests.xctest */,
			);
			name = Products;
			sourceTree = "<group>";
		};
		63BBF2D628CEC3A2003C0E8E /* rxSwiftPractice */ = {
			isa = PBXGroup;
			children = (
				6397A5BB28DAF63800104284 /* Static */,
				6397A5B728DAF50D00104284 /* Model */,
				63BBF31E28D06388003C0E8E /* Service */,
				63BBF31D28D03228003C0E8E /* View */,
				63BBF2D728CEC3A2003C0E8E /* AppDelegate.swift */,
				63BBF2D928CEC3A2003C0E8E /* SceneDelegate.swift */,
				63BBF2DD28CEC3A2003C0E8E /* Main.storyboard */,
				63BBF2E028CEC3A6003C0E8E /* Assets.xcassets */,
				63BBF2E228CEC3A6003C0E8E /* LaunchScreen.storyboard */,
				63BBF2E528CEC3A6003C0E8E /* Info.plist */,
			);
			path = rxSwiftPractice;
			sourceTree = "<group>";
		};
		63BBF2ED28CEC3A6003C0E8E /* rxSwiftPracticeTests */ = {
			isa = PBXGroup;
			children = (
				63BBF2EE28CEC3A6003C0E8E /* rxSwiftPracticeTests.swift */,
			);
			path = rxSwiftPracticeTests;
			sourceTree = "<group>";
		};
		63BBF2F728CEC3A6003C0E8E /* rxSwiftPracticeUITests */ = {
			isa = PBXGroup;
			children = (
				63BBF2F828CEC3A6003C0E8E /* rxSwiftPracticeUITests.swift */,
				63BBF2FA28CEC3A6003C0E8E /* rxSwiftPracticeUITestsLaunchTests.swift */,
			);
			path = rxSwiftPracticeUITests;
			sourceTree = "<group>";
		};
		63BBF31228CF0F9F003C0E8E /* Frameworks */ = {
			isa = PBXGroup;
			children = (
			);
			name = Frameworks;
			sourceTree = "<group>";
		};
		63BBF31D28D03228003C0E8E /* View */ = {
			isa = PBXGroup;
			children = (
				63E9E6C828DC59AF00A3DE9E /* Second */,
				63BBF2DB28CEC3A2003C0E8E /* LoginViewController.swift */,
			);
			path = View;
			sourceTree = "<group>";
		};
		63BBF31E28D06388003C0E8E /* Service */ = {
			isa = PBXGroup;
			children = (
				63BBF31F28D063B4003C0E8E /* KeyChainService.swift */,
				6397A5B528DAF4CA00104284 /* UrlRequestService.swift */,
			);
			path = Service;
			sourceTree = "<group>";
		};
		63E9E6C828DC59AF00A3DE9E /* Second */ = {
			isa = PBXGroup;
			children = (
				63BBF32128D06537003C0E8E /* SecondViewController.swift */,
				63E9E6C928DC59D200A3DE9E /* SecondController.swift */,
			);
			path = Second;
			sourceTree = "<group>";
		};
/* End PBXGroup section */

/* Begin PBXNativeTarget section */
		63BBF2D328CEC3A2003C0E8E /* rxSwiftPractice */ = {
			isa = PBXNativeTarget;
			buildConfigurationList = 63BBF2FE28CEC3A6003C0E8E /* Build configuration list for PBXNativeTarget "rxSwiftPractice" */;
			buildPhases = (
				63BBF2D028CEC3A2003C0E8E /* Sources */,
				63BBF2D128CEC3A2003C0E8E /* Frameworks */,
				63BBF2D228CEC3A2003C0E8E /* Resources */,
			);
			buildRules = (
			);
			dependencies = (
			);
			name = rxSwiftPractice;
			packageProductDependencies = (
				63BBF31528CF0F9F003C0E8E /* RxCocoa */,
				63BBF31728CF0F9F003C0E8E /* RxRelay */,
				63BBF31928CF0F9F003C0E8E /* RxSwift */,
			);
			productName = rxSwiftPractice;
			productReference = 63BBF2D428CEC3A2003C0E8E /* rxSwiftPractice.app */;
			productType = "com.apple.product-type.application";
		};
		63BBF2E928CEC3A6003C0E8E /* rxSwiftPracticeTests */ = {
			isa = PBXNativeTarget;
			buildConfigurationList = 63BBF30128CEC3A6003C0E8E /* Build configuration list for PBXNativeTarget "rxSwiftPracticeTests" */;
			buildPhases = (
				63BBF2E628CEC3A6003C0E8E /* Sources */,
				63BBF2E728CEC3A6003C0E8E /* Frameworks */,
				63BBF2E828CEC3A6003C0E8E /* Resources */,
			);
			buildRules = (
			);
			dependencies = (
				63BBF2EC28CEC3A6003C0E8E /* PBXTargetDependency */,
			);
			name = rxSwiftPracticeTests;
			productName = rxSwiftPracticeTests;
			productReference = 63BBF2EA28CEC3A6003C0E8E /* rxSwiftPracticeTests.xctest */;
			productType = "com.apple.product-type.bundle.unit-test";
		};
		63BBF2F328CEC3A6003C0E8E /* rxSwiftPracticeUITests */ = {
			isa = PBXNativeTarget;
			buildConfigurationList = 63BBF30428CEC3A6003C0E8E /* Build configuration list for PBXNativeTarget "rxSwiftPracticeUITests" */;
			buildPhases = (
				63BBF2F028CEC3A6003C0E8E /* Sources */,
				63BBF2F128CEC3A6003C0E8E /* Frameworks */,
				63BBF2F228CEC3A6003C0E8E /* Resources */,
			);
			buildRules = (
			);
			dependencies = (
				63BBF2F628CEC3A6003C0E8E /* PBXTargetDependency */,
			);
			name = rxSwiftPracticeUITests;
			productName = rxSwiftPracticeUITests;
			productReference = 63BBF2F428CEC3A6003C0E8E /* rxSwiftPracticeUITests.xctest */;
			productType = "com.apple.product-type.bundle.ui-testing";
		};
/* End PBXNativeTarget section */

/* Begin PBXProject section */
		63BBF2CC28CEC3A2003C0E8E /* Project object */ = {
			isa = PBXProject;
			attributes = {
				BuildIndependentTargetsInParallel = 1;
				LastSwiftUpdateCheck = 1320;
				LastUpgradeCheck = 1320;
				TargetAttributes = {
					63BBF2D328CEC3A2003C0E8E = {
						CreatedOnToolsVersion = 13.2.1;
					};
					63BBF2E928CEC3A6003C0E8E = {
						CreatedOnToolsVersion = 13.2.1;
						TestTargetID = 63BBF2D328CEC3A2003C0E8E;
					};
					63BBF2F328CEC3A6003C0E8E = {
						CreatedOnToolsVersion = 13.2.1;
						TestTargetID = 63BBF2D328CEC3A2003C0E8E;
					};
				};
			};
			buildConfigurationList = 63BBF2CF28CEC3A2003C0E8E /* Build configuration list for PBXProject "rxSwiftPractice" */;
			compatibilityVersion = "Xcode 13.0";
			developmentRegion = en;
			hasScannedForEncodings = 0;
			knownRegions = (
				en,
				Base,
			);
			mainGroup = 63BBF2CB28CEC3A2003C0E8E;
			packageReferences = (
				63BBF30728CF0C57003C0E8E /* XCRemoteSwiftPackageReference "RxSwift" */,
			);
			productRefGroup = 63BBF2D528CEC3A2003C0E8E /* Products */;
			projectDirPath = "";
			projectRoot = "";
			targets = (
				63BBF2D328CEC3A2003C0E8E /* rxSwiftPractice */,
				63BBF2E928CEC3A6003C0E8E /* rxSwiftPracticeTests */,
				63BBF2F328CEC3A6003C0E8E /* rxSwiftPracticeUITests */,
			);
		};
/* End PBXProject section */

/* Begin PBXResourcesBuildPhase section */
		63BBF2D228CEC3A2003C0E8E /* Resources */ = {
			isa = PBXResourcesBuildPhase;
			buildActionMask = 2147483647;
			files = (
				63BBF2E428CEC3A6003C0E8E /* LaunchScreen.storyboard in Resources */,
				63BBF2E128CEC3A6003C0E8E /* Assets.xcassets in Resources */,
				63BBF2DF28CEC3A2003C0E8E /* Main.storyboard in Resources */,
			);
			runOnlyForDeploymentPostprocessing = 0;
		};
		63BBF2E828CEC3A6003C0E8E /* Resources */ = {
			isa = PBXResourcesBuildPhase;
			buildActionMask = 2147483647;
			files = (
			);
			runOnlyForDeploymentPostprocessing = 0;
		};
		63BBF2F228CEC3A6003C0E8E /* Resources */ = {
			isa = PBXResourcesBuildPhase;
			buildActionMask = 2147483647;
			files = (
			);
			runOnlyForDeploymentPostprocessing = 0;
		};
/* End PBXResourcesBuildPhase section */

/* Begin PBXSourcesBuildPhase section */
		63BBF2D028CEC3A2003C0E8E /* Sources */ = {
			isa = PBXSourcesBuildPhase;
			buildActionMask = 2147483647;
			files = (
				63BBF2DC28CEC3A2003C0E8E /* LoginViewController.swift in Sources */,
				6397A5B628DAF4CA00104284 /* UrlRequestService.swift in Sources */,
				63BBF32028D063B4003C0E8E /* KeyChainService.swift in Sources */,
				63E9E6CA28DC59D200A3DE9E /* SecondController.swift in Sources */,
				63BBF2D828CEC3A2003C0E8E /* AppDelegate.swift in Sources */,
				63BBF32228D06537003C0E8E /* SecondViewController.swift in Sources */,
				63BBF2DA28CEC3A2003C0E8E /* SceneDelegate.swift in Sources */,
				6397A5BA28DAF53C00104284 /* WeatherModel.swift in Sources */,
				6397A5BD28DAF66800104284 /* UrlRequest.swift in Sources */,
			);
			runOnlyForDeploymentPostprocessing = 0;
		};
		63BBF2E628CEC3A6003C0E8E /* Sources */ = {
			isa = PBXSourcesBuildPhase;
			buildActionMask = 2147483647;
			files = (
				63BBF2EF28CEC3A6003C0E8E /* rxSwiftPracticeTests.swift in Sources */,
			);
			runOnlyForDeploymentPostprocessing = 0;
		};
		63BBF2F028CEC3A6003C0E8E /* Sources */ = {
			isa = PBXSourcesBuildPhase;
			buildActionMask = 2147483647;
			files = (
				63BBF2F928CEC3A6003C0E8E /* rxSwiftPracticeUITests.swift in Sources */,
				63BBF2FB28CEC3A6003C0E8E /* rxSwiftPracticeUITestsLaunchTests.swift in Sources */,
			);
			runOnlyForDeploymentPostprocessing = 0;
		};
/* End PBXSourcesBuildPhase section */

/* Begin PBXTargetDependency section */
		63BBF2EC28CEC3A6003C0E8E /* PBXTargetDependency */ = {
			isa = PBXTargetDependency;
			target = 63BBF2D328CEC3A2003C0E8E /* rxSwiftPractice */;
			targetProxy = 63BBF2EB28CEC3A6003C0E8E /* PBXContainerItemProxy */;
		};
		63BBF2F628CEC3A6003C0E8E /* PBXTargetDependency */ = {
			isa = PBXTargetDependency;
			target = 63BBF2D328CEC3A2003C0E8E /* rxSwiftPractice */;
			targetProxy = 63BBF2F528CEC3A6003C0E8E /* PBXContainerItemProxy */;
		};
/* End PBXTargetDependency section */

/* Begin PBXVariantGroup section */
		63BBF2DD28CEC3A2003C0E8E /* Main.storyboard */ = {
			isa = PBXVariantGroup;
			children = (
				63BBF2DE28CEC3A2003C0E8E /* Base */,
			);
			name = Main.storyboard;
			sourceTree = "<group>";
		};
		63BBF2E228CEC3A6003C0E8E /* LaunchScreen.storyboard */ = {
			isa = PBXVariantGroup;
			children = (
				63BBF2E328CEC3A6003C0E8E /* Base */,
			);
			name = LaunchScreen.storyboard;
			sourceTree = "<group>";
		};
/* End PBXVariantGroup section */

/* Begin XCBuildConfiguration section */
		63BBF2FC28CEC3A6003C0E8E /* Debug */ = {
			isa = XCBuildConfiguration;
			buildSettings = {
				ALWAYS_SEARCH_USER_PATHS = NO;
				CLANG_ANALYZER_NONNULL = YES;
				CLANG_ANALYZER_NUMBER_OBJECT_CONVERSION = YES_AGGRESSIVE;
				CLANG_CXX_LANGUAGE_STANDARD = "gnu++17";
				CLANG_CXX_LIBRARY = "libc++";
				CLANG_ENABLE_MODULES = YES;
				CLANG_ENABLE_OBJC_ARC = YES;
				CLANG_ENABLE_OBJC_WEAK = YES;
				CLANG_WARN_BLOCK_CAPTURE_AUTORELEASING = YES;
				CLANG_WARN_BOOL_CONVERSION = YES;
				CLANG_WARN_COMMA = YES;
				CLANG_WARN_CONSTANT_CONVERSION = YES;
				CLANG_WARN_DEPRECATED_OBJC_IMPLEMENTATIONS = YES;
				CLANG_WARN_DIRECT_OBJC_ISA_USAGE = YES_ERROR;
				CLANG_WARN_DOCUMENTATION_COMMENTS = YES;
				CLANG_WARN_EMPTY_BODY = YES;
				CLANG_WARN_ENUM_CONVERSION = YES;
				CLANG_WARN_INFINITE_RECURSION = YES;
				CLANG_WARN_INT_CONVERSION = YES;
				CLANG_WARN_NON_LITERAL_NULL_CONVERSION = YES;
				CLANG_WARN_OBJC_IMPLICIT_RETAIN_SELF = YES;
				CLANG_WARN_OBJC_LITERAL_CONVERSION = YES;
				CLANG_WARN_OBJC_ROOT_CLASS = YES_ERROR;
				CLANG_WARN_QUOTED_INCLUDE_IN_FRAMEWORK_HEADER = YES;
				CLANG_WARN_RANGE_LOOP_ANALYSIS = YES;
				CLANG_WARN_STRICT_PROTOTYPES = YES;
				CLANG_WARN_SUSPICIOUS_MOVE = YES;
				CLANG_WARN_UNGUARDED_AVAILABILITY = YES_AGGRESSIVE;
				CLANG_WARN_UNREACHABLE_CODE = YES;
				CLANG_WARN__DUPLICATE_METHOD_MATCH = YES;
				COPY_PHASE_STRIP = NO;
				DEBUG_INFORMATION_FORMAT = dwarf;
				ENABLE_STRICT_OBJC_MSGSEND = YES;
				ENABLE_TESTABILITY = YES;
				GCC_C_LANGUAGE_STANDARD = gnu11;
				GCC_DYNAMIC_NO_PIC = NO;
				GCC_NO_COMMON_BLOCKS = YES;
				GCC_OPTIMIZATION_LEVEL = 0;
				GCC_PREPROCESSOR_DEFINITIONS = (
					"DEBUG=1",
					"$(inherited)",
				);
				GCC_WARN_64_TO_32_BIT_CONVERSION = YES;
				GCC_WARN_ABOUT_RETURN_TYPE = YES_ERROR;
				GCC_WARN_UNDECLARED_SELECTOR = YES;
				GCC_WARN_UNINITIALIZED_AUTOS = YES_AGGRESSIVE;
				GCC_WARN_UNUSED_FUNCTION = YES;
				GCC_WARN_UNUSED_VARIABLE = YES;
				IPHONEOS_DEPLOYMENT_TARGET = 15.2;
				MTL_ENABLE_DEBUG_INFO = INCLUDE_SOURCE;
				MTL_FAST_MATH = YES;
				ONLY_ACTIVE_ARCH = YES;
				SDKROOT = iphoneos;
				SWIFT_ACTIVE_COMPILATION_CONDITIONS = DEBUG;
				SWIFT_OPTIMIZATION_LEVEL = "-Onone";
			};
			name = Debug;
		};
		63BBF2FD28CEC3A6003C0E8E /* Release */ = {
			isa = XCBuildConfiguration;
			buildSettings = {
				ALWAYS_SEARCH_USER_PATHS = NO;
				CLANG_ANALYZER_NONNULL = YES;
				CLANG_ANALYZER_NUMBER_OBJECT_CONVERSION = YES_AGGRESSIVE;
				CLANG_CXX_LANGUAGE_STANDARD = "gnu++17";
				CLANG_CXX_LIBRARY = "libc++";
				CLANG_ENABLE_MODULES = YES;
				CLANG_ENABLE_OBJC_ARC = YES;
				CLANG_ENABLE_OBJC_WEAK = YES;
				CLANG_WARN_BLOCK_CAPTURE_AUTORELEASING = YES;
				CLANG_WARN_BOOL_CONVERSION = YES;
				CLANG_WARN_COMMA = YES;
				CLANG_WARN_CONSTANT_CONVERSION = YES;
				CLANG_WARN_DEPRECATED_OBJC_IMPLEMENTATIONS = YES;
				CLANG_WARN_DIRECT_OBJC_ISA_USAGE = YES_ERROR;
				CLANG_WARN_DOCUMENTATION_COMMENTS = YES;
				CLANG_WARN_EMPTY_BODY = YES;
				CLANG_WARN_ENUM_CONVERSION = YES;
				CLANG_WARN_INFINITE_RECURSION = YES;
				CLANG_WARN_INT_CONVERSION = YES;
				CLANG_WARN_NON_LITERAL_NULL_CONVERSION = YES;
				CLANG_WARN_OBJC_IMPLICIT_RETAIN_SELF = YES;
				CLANG_WARN_OBJC_LITERAL_CONVERSION = YES;
				CLANG_WARN_OBJC_ROOT_CLASS = YES_ERROR;
				CLANG_WARN_QUOTED_INCLUDE_IN_FRAMEWORK_HEADER = YES;
				CLANG_WARN_RANGE_LOOP_ANALYSIS = YES;
				CLANG_WARN_STRICT_PROTOTYPES = YES;
				CLANG_WARN_SUSPICIOUS_MOVE = YES;
				CLANG_WARN_UNGUARDED_AVAILABILITY = YES_AGGRESSIVE;
				CLANG_WARN_UNREACHABLE_CODE = YES;
				CLANG_WARN__DUPLICATE_METHOD_MATCH = YES;
				COPY_PHASE_STRIP = NO;
				DEBUG_INFORMATION_FORMAT = "dwarf-with-dsym";
				ENABLE_NS_ASSERTIONS = NO;
				ENABLE_STRICT_OBJC_MSGSEND = YES;
				GCC_C_LANGUAGE_STANDARD = gnu11;
				GCC_NO_COMMON_BLOCKS = YES;
				GCC_WARN_64_TO_32_BIT_CONVERSION = YES;
				GCC_WARN_ABOUT_RETURN_TYPE = YES_ERROR;
				GCC_WARN_UNDECLARED_SELECTOR = YES;
				GCC_WARN_UNINITIALIZED_AUTOS = YES_AGGRESSIVE;
				GCC_WARN_UNUSED_FUNCTION = YES;
				GCC_WARN_UNUSED_VARIABLE = YES;
				IPHONEOS_DEPLOYMENT_TARGET = 15.2;
				MTL_ENABLE_DEBUG_INFO = NO;
				MTL_FAST_MATH = YES;
				SDKROOT = iphoneos;
				SWIFT_COMPILATION_MODE = wholemodule;
				SWIFT_OPTIMIZATION_LEVEL = "-O";
				VALIDATE_PRODUCT = YES;
			};
			name = Release;
		};
		63BBF2FF28CEC3A6003C0E8E /* Debug */ = {
			isa = XCBuildConfiguration;
			buildSettings = {
				ASSETCATALOG_COMPILER_APPICON_NAME = AppIcon;
				ASSETCATALOG_COMPILER_GLOBAL_ACCENT_COLOR_NAME = AccentColor;
				CODE_SIGN_STYLE = Automatic;
				CURRENT_PROJECT_VERSION = 1;
				DEVELOPMENT_TEAM = 8S4Q5KBJBV;
				GENERATE_INFOPLIST_FILE = YES;
				INFOPLIST_FILE = rxSwiftPractice/Info.plist;
				INFOPLIST_KEY_UIApplicationSupportsIndirectInputEvents = YES;
				INFOPLIST_KEY_UILaunchStoryboardName = LaunchScreen;
				INFOPLIST_KEY_UIMainStoryboardFile = Main;
				INFOPLIST_KEY_UISupportedInterfaceOrientations_iPad = "UIInterfaceOrientationPortrait UIInterfaceOrientationPortraitUpsideDown UIInterfaceOrientationLandscapeLeft UIInterfaceOrientationLandscapeRight";
				INFOPLIST_KEY_UISupportedInterfaceOrientations_iPhone = "UIInterfaceOrientationPortrait UIInterfaceOrientationLandscapeLeft UIInterfaceOrientationLandscapeRight";
				IPHONEOS_DEPLOYMENT_TARGET = 16.0;
				LD_RUNPATH_SEARCH_PATHS = (
					"$(inherited)",
					"@executable_path/Frameworks",
				);
				MARKETING_VERSION = 1.0;
				PRODUCT_BUNDLE_IDENTIFIER = com.howlfu.rxSwiftPractice;
				PRODUCT_NAME = "$(TARGET_NAME)";
				SWIFT_EMIT_LOC_STRINGS = YES;
				SWIFT_VERSION = 5.0;
				TARGETED_DEVICE_FAMILY = "1,2";
			};
			name = Debug;
		};
		63BBF30028CEC3A6003C0E8E /* Release */ = {
			isa = XCBuildConfiguration;
			buildSettings = {
				ASSETCATALOG_COMPILER_APPICON_NAME = AppIcon;
				ASSETCATALOG_COMPILER_GLOBAL_ACCENT_COLOR_NAME = AccentColor;
				CODE_SIGN_STYLE = Automatic;
				CURRENT_PROJECT_VERSION = 1;
				DEVELOPMENT_TEAM = 8S4Q5KBJBV;
				GENERATE_INFOPLIST_FILE = YES;
				INFOPLIST_FILE = rxSwiftPractice/Info.plist;
				INFOPLIST_KEY_UIApplicationSupportsIndirectInputEvents = YES;
				INFOPLIST_KEY_UILaunchStoryboardName = LaunchScreen;
				INFOPLIST_KEY_UIMainStoryboardFile = Main;
				INFOPLIST_KEY_UISupportedInterfaceOrientations_iPad = "UIInterfaceOrientationPortrait UIInterfaceOrientationPortraitUpsideDown UIInterfaceOrientationLandscapeLeft UIInterfaceOrientationLandscapeRight";
				INFOPLIST_KEY_UISupportedInterfaceOrientations_iPhone = "UIInterfaceOrientationPortrait UIInterfaceOrientationLandscapeLeft UIInterfaceOrientationLandscapeRight";
				IPHONEOS_DEPLOYMENT_TARGET = 16.0;
				LD_RUNPATH_SEARCH_PATHS = (
					"$(inherited)",
					"@executable_path/Frameworks",
				);
				MARKETING_VERSION = 1.0;
				PRODUCT_BUNDLE_IDENTIFIER = com.howlfu.rxSwiftPractice;
				PRODUCT_NAME = "$(TARGET_NAME)";
				SWIFT_EMIT_LOC_STRINGS = YES;
				SWIFT_VERSION = 5.0;
				TARGETED_DEVICE_FAMILY = "1,2";
			};
			name = Release;
		};
		63BBF30228CEC3A6003C0E8E /* Debug */ = {
			isa = XCBuildConfiguration;
			buildSettings = {
				ALWAYS_EMBED_SWIFT_STANDARD_LIBRARIES = YES;
				BUNDLE_LOADER = "$(TEST_HOST)";
				CODE_SIGN_STYLE = Automatic;
				CURRENT_PROJECT_VERSION = 1;
				DEVELOPMENT_TEAM = 8S4Q5KBJBV;
				GENERATE_INFOPLIST_FILE = YES;
				IPHONEOS_DEPLOYMENT_TARGET = 15.2;
				MARKETING_VERSION = 1.0;
				PRODUCT_BUNDLE_IDENTIFIER = com.howlfu.rxSwiftPracticeTests;
				PRODUCT_NAME = "$(TARGET_NAME)";
				SWIFT_EMIT_LOC_STRINGS = NO;
				SWIFT_VERSION = 5.0;
				TARGETED_DEVICE_FAMILY = "1,2";
				TEST_HOST = "$(BUILT_PRODUCTS_DIR)/rxSwiftPractice.app/rxSwiftPractice";
			};
			name = Debug;
		};
		63BBF30328CEC3A6003C0E8E /* Release */ = {
			isa = XCBuildConfiguration;
			buildSettings = {
				ALWAYS_EMBED_SWIFT_STANDARD_LIBRARIES = YES;
				BUNDLE_LOADER = "$(TEST_HOST)";
				CODE_SIGN_STYLE = Automatic;
				CURRENT_PROJECT_VERSION = 1;
				DEVELOPMENT_TEAM = 8S4Q5KBJBV;
				GENERATE_INFOPLIST_FILE = YES;
				IPHONEOS_DEPLOYMENT_TARGET = 15.2;
				MARKETING_VERSION = 1.0;
				PRODUCT_BUNDLE_IDENTIFIER = com.howlfu.rxSwiftPracticeTests;
				PRODUCT_NAME = "$(TARGET_NAME)";
				SWIFT_EMIT_LOC_STRINGS = NO;
				SWIFT_VERSION = 5.0;
				TARGETED_DEVICE_FAMILY = "1,2";
				TEST_HOST = "$(BUILT_PRODUCTS_DIR)/rxSwiftPractice.app/rxSwiftPractice";
			};
			name = Release;
		};
		63BBF30528CEC3A6003C0E8E /* Debug */ = {
			isa = XCBuildConfiguration;
			buildSettings = {
				ALWAYS_EMBED_SWIFT_STANDARD_LIBRARIES = YES;
				CODE_SIGN_STYLE = Automatic;
				CURRENT_PROJECT_VERSION = 1;
				DEVELOPMENT_TEAM = 8S4Q5KBJBV;
				GENERATE_INFOPLIST_FILE = YES;
				MARKETING_VERSION = 1.0;
				PRODUCT_BUNDLE_IDENTIFIER = com.howlfu.rxSwiftPracticeUITests;
				PRODUCT_NAME = "$(TARGET_NAME)";
				SWIFT_EMIT_LOC_STRINGS = NO;
				SWIFT_VERSION = 5.0;
				TARGETED_DEVICE_FAMILY = "1,2";
				TEST_TARGET_NAME = rxSwiftPractice;
			};
			name = Debug;
		};
		63BBF30628CEC3A6003C0E8E /* Release */ = {
			isa = XCBuildConfiguration;
			buildSettings = {
				ALWAYS_EMBED_SWIFT_STANDARD_LIBRARIES = YES;
				CODE_SIGN_STYLE = Automatic;
				CURRENT_PROJECT_VERSION = 1;
				DEVELOPMENT_TEAM = 8S4Q5KBJBV;
				GENERATE_INFOPLIST_FILE = YES;
				MARKETING_VERSION = 1.0;
				PRODUCT_BUNDLE_IDENTIFIER = com.howlfu.rxSwiftPracticeUITests;
				PRODUCT_NAME = "$(TARGET_NAME)";
				SWIFT_EMIT_LOC_STRINGS = NO;
				SWIFT_VERSION = 5.0;
				TARGETED_DEVICE_FAMILY = "1,2";
				TEST_TARGET_NAME = rxSwiftPractice;
			};
			name = Release;
		};
/* End XCBuildConfiguration section */

/* Begin XCConfigurationList section */
		63BBF2CF28CEC3A2003C0E8E /* Build configuration list for PBXProject "rxSwiftPractice" */ = {
			isa = XCConfigurationList;
			buildConfigurations = (
				63BBF2FC28CEC3A6003C0E8E /* Debug */,
				63BBF2FD28CEC3A6003C0E8E /* Release */,
			);
			defaultConfigurationIsVisible = 0;
			defaultConfigurationName = Release;
		};
		63BBF2FE28CEC3A6003C0E8E /* Build configuration list for PBXNativeTarget "rxSwiftPractice" */ = {
			isa = XCConfigurationList;
			buildConfigurations = (
				63BBF2FF28CEC3A6003C0E8E /* Debug */,
				63BBF30028CEC3A6003C0E8E /* Release */,
			);
			defaultConfigurationIsVisible = 0;
			defaultConfigurationName = Release;
		};
		63BBF30128CEC3A6003C0E8E /* Build configuration list for PBXNativeTarget "rxSwiftPracticeTests" */ = {
			isa = XCConfigurationList;
			buildConfigurations = (
				63BBF30228CEC3A6003C0E8E /* Debug */,
				63BBF30328CEC3A6003C0E8E /* Release */,
			);
			defaultConfigurationIsVisible = 0;
			defaultConfigurationName = Release;
		};
		63BBF30428CEC3A6003C0E8E /* Build configuration list for PBXNativeTarget "rxSwiftPracticeUITests" */ = {
			isa = XCConfigurationList;
			buildConfigurations = (
				63BBF30528CEC3A6003C0E8E /* Debug */,
				63BBF30628CEC3A6003C0E8E /* Release */,
			);
			defaultConfigurationIsVisible = 0;
			defaultConfigurationName = Release;
		};
/* End XCConfigurationList section */

/* Begin XCRemoteSwiftPackageReference section */
		63BBF30728CF0C57003C0E8E /* XCRemoteSwiftPackageReference "RxSwift" */ = {
			isa = XCRemoteSwiftPackageReference;
			repositoryURL = "https://github.com/ReactiveX/RxSwift.git";
			requirement = {
				kind = upToNextMajorVersion;
				minimumVersion = 6.0.0;
			};
		};
/* End XCRemoteSwiftPackageReference section */

/* Begin XCSwiftPackageProductDependency section */
		63BBF31528CF0F9F003C0E8E /* RxCocoa */ = {
			isa = XCSwiftPackageProductDependency;
			package = 63BBF30728CF0C57003C0E8E /* XCRemoteSwiftPackageReference "RxSwift" */;
			productName = RxCocoa;
		};
		63BBF31728CF0F9F003C0E8E /* RxRelay */ = {
			isa = XCSwiftPackageProductDependency;
			package = 63BBF30728CF0C57003C0E8E /* XCRemoteSwiftPackageReference "RxSwift" */;
			productName = RxRelay;
		};
		63BBF31928CF0F9F003C0E8E /* RxSwift */ = {
			isa = XCSwiftPackageProductDependency;
			package = 63BBF30728CF0C57003C0E8E /* XCRemoteSwiftPackageReference "RxSwift" */;
			productName = RxSwift;
		};
/* End XCSwiftPackageProductDependency section */
	};
	rootObject = 63BBF2CC28CEC3A2003C0E8E /* Project object */;
}
